# This file is automatically @generated by Cargo.
# It is not intended for manual editing.
version = 4

[[package]]
name = "cty"
version = "0.1.0"
source = "git+https://github.com/DanielMSchmidt/rust-cty#95e5dbb0d003c56a9ab0eaeb9c6b3b7eaa8f5ffd"

[[package]]
name = "hcl"
version = "0.1.0"
dependencies = [
 "cty",
]
